
Microsoft Visual Studio Solution File, Format Version 12.00
# Visual Studio Version 16
VisualStudioVersion = 16.0.33529.622
MinimumVisualStudioVersion = 10.0.40219.1
Project("{FAE04EC0-301F-11D3-BF4B-00C04F79EFBC}") = "CW2Database", "CW2Database\CW2Database.csproj", "{E2563E3B-2EFF-4EFE-970B-BAF44D86E72E}"
EndProject
Global
	GlobalSection(SolutionConfigurationPlatforms) = preSolution
		Debug|Any CPU = Debug|Any CPU
		Release|Any CPU = Release|Any CPU
	EndGlobalSection
	GlobalSection(ProjectConfigurationPlatforms) = postSolution
		{E2563E3B-2EFF-4EFE-970B-BAF44D86E72E}.Debug|Any CPU.ActiveCfg = Debug|Any CPU
		{E2563E3B-2EFF-4EFE-970B-BAF44D86E72E}.Debug|Any CPU.Build.0 = Debug|Any CPU
		{E2563E3B-2EFF-4EFE-970B-BAF44D86E72E}.Release|Any CPU.ActiveCfg = Release|Any CPU
		{E2563E3B-2EFF-4EFE-970B-BAF44D86E72E}.Release|Any CPU.Build.0 = Release|Any CPU
	EndGlobalSection
	GlobalSection(SolutionProperties) = preSolution
		HideSolutionNode = FALSE
	EndGlobalSection
	GlobalSection(ExtensibilityGlobals) = postSolution
		SolutionGuid = {5AA3B4E0-F8A9-4DB2-BEC5-317B729A4E12}
	EndGlobalSection
EndGlobal
